
Microsoft Visual Studio Solution File, Format Version 12.00
# Visual Studio Version 16
VisualStudioVersion = 16.0.30711.63
MinimumVisualStudioVersion = 10.0.40219.1
Project("{FAE04EC0-301F-11D3-BF4B-00C04F79EFBC}") = "Authentication.Apis", "Authentication.Apis\Authentication.Apis.csproj", "{C865A940-89A5-4749-8FEC-B1C44153F56B}"
EndProject
Global
	GlobalSection(SolutionConfigurationPlatforms) = preSolution
		Debug|Any CPU = Debug|Any CPU
		Release|Any CPU = Release|Any CPU
	EndGlobalSection
	GlobalSection(ProjectConfigurationPlatforms) = postSolution
		{C865A940-89A5-4749-8FEC-B1C44153F56B}.Debug|Any CPU.ActiveCfg = Debug|Any CPU
		{C865A940-89A5-4749-8FEC-B1C44153F56B}.Debug|Any CPU.Build.0 = Debug|Any CPU
		{C865A940-89A5-4749-8FEC-B1C44153F56B}.Release|Any CPU.ActiveCfg = Release|Any CPU
		{C865A940-89A5-4749-8FEC-B1C44153F56B}.Release|Any CPU.Build.0 = Release|Any CPU
	EndGlobalSection
	GlobalSection(SolutionProperties) = preSolution
		HideSolutionNode = FALSE
	EndGlobalSection
	GlobalSection(ExtensibilityGlobals) = postSolution
		SolutionGuid = {E9D3CD80-6A8B-4AE8-81FD-D66C8B8956B4}
	EndGlobalSection
EndGlobal
